
Microsoft Visual Studio Solution File, Format Version 12.00
# Visual Studio Version 17
VisualStudioVersion = 17.8.34330.188
MinimumVisualStudioVersion = 10.0.40219.1
Project("{FAE04EC0-301F-11D3-BF4B-00C04F79EFBC}") = "Adivinar el numero del 1 al 10", "Adivinar el numero del 1 al 10\Adivinar el numero del 1 al 10.csproj", "{9E887503-F03B-4646-9004-A4BBE88457FF}"
EndProject
Global
	GlobalSection(SolutionConfigurationPlatforms) = preSolution
		Debug|Any CPU = Debug|Any CPU
		Release|Any CPU = Release|Any CPU
	EndGlobalSection
	GlobalSection(ProjectConfigurationPlatforms) = postSolution
		{9E887503-F03B-4646-9004-A4BBE88457FF}.Debug|Any CPU.ActiveCfg = Debug|Any CPU
		{9E887503-F03B-4646-9004-A4BBE88457FF}.Debug|Any CPU.Build.0 = Debug|Any CPU
		{9E887503-F03B-4646-9004-A4BBE88457FF}.Release|Any CPU.ActiveCfg = Release|Any CPU
		{9E887503-F03B-4646-9004-A4BBE88457FF}.Release|Any CPU.Build.0 = Release|Any CPU
	EndGlobalSection
	GlobalSection(SolutionProperties) = preSolution
		HideSolutionNode = FALSE
	EndGlobalSection
	GlobalSection(ExtensibilityGlobals) = postSolution
		SolutionGuid = {360ACCD5-AD28-4A7D-B5D0-77507F283138}
	EndGlobalSection
EndGlobal
